
Microsoft Visual Studio Solution File, Format Version 12.00
# Visual Studio Version 16
VisualStudioVersion = 16.0.30225.117
MinimumVisualStudioVersion = 10.0.40219.1
Project("{FAE04EC0-301F-11D3-BF4B-00C04F79EFBC}") = "EggTimer", "EggTimer\EggTimer.csproj", "{76B838A1-30C4-4337-BC80-920000295E07}"
EndProject
Global
	GlobalSection(SolutionConfigurationPlatforms) = preSolution
		Debug|Any CPU = Debug|Any CPU
		Release|Any CPU = Release|Any CPU
	EndGlobalSection
	GlobalSection(ProjectConfigurationPlatforms) = postSolution
		{76B838A1-30C4-4337-BC80-920000295E07}.Debug|Any CPU.ActiveCfg = Debug|Any CPU
		{76B838A1-30C4-4337-BC80-920000295E07}.Debug|Any CPU.Build.0 = Debug|Any CPU
		{76B838A1-30C4-4337-BC80-920000295E07}.Release|Any CPU.ActiveCfg = Release|Any CPU
		{76B838A1-30C4-4337-BC80-920000295E07}.Release|Any CPU.Build.0 = Release|Any CPU
	EndGlobalSection
	GlobalSection(SolutionProperties) = preSolution
		HideSolutionNode = FALSE
	EndGlobalSection
	GlobalSection(ExtensibilityGlobals) = postSolution
		SolutionGuid = {0CB82E42-8253-477E-AAFB-00E06796E6D2}
	EndGlobalSection
EndGlobal
